
Microsoft Visual Studio Solution File, Format Version 12.00
# Visual Studio 14
VisualStudioVersion = 14.0.23107.0
MinimumVisualStudioVersion = 10.0.40219.1
Project("{FAE04EC0-301F-11D3-BF4B-00C04F79EFBC}") = "sRhinoSystem", "sRhinoSystem\sRhinoSystem.csproj", "{FFBD40B3-32E9-4048-955F-BCE28F795CC0}"
EndProject
Project("{FAE04EC0-301F-11D3-BF4B-00C04F79EFBC}") = "sDynamoSystem", "sDynamoSystem\sDynamoSystem.csproj", "{5027444E-12A4-41CE-AC9C-674880E868EC}"
EndProject
Project("{FAE04EC0-301F-11D3-BF4B-00C04F79EFBC}") = "sSAP17System", "sSAP17System\sSAP17System.csproj", "{AF4A90F8-0363-4884-BBE3-3C60F04424AF}"
EndProject
Project("{2150E333-8FDC-42A3-9474-1A3956D46DE8}") = "sWebObject", "sWebObject", "{6EE348C4-ADD0-4C02-82C9-8C99603FFAF0}"
	ProjectSection(SolutionItems) = preProject
		sWebObject.js = sWebObject.js
	EndProjectSection
EndProject
Project("{FAE04EC0-301F-11D3-BF4B-00C04F79EFBC}") = "sDataObject", "sDataObject\sDataObject.csproj", "{D4E62E01-1E39-4439-B760-3373EBED2C34}"
EndProject
Project("{FAE04EC0-301F-11D3-BF4B-00C04F79EFBC}") = "sNStatSystem", "sStatSystem\sNStatSystem.csproj", "{CBCF9952-D6B1-4103-8879-314A9BB54EC6}"
EndProject
Global
	GlobalSection(SolutionConfigurationPlatforms) = preSolution
		Debug|Any CPU = Debug|Any CPU
		Debug|ARM = Debug|ARM
		Debug|x64 = Debug|x64
		Debug|x86 = Debug|x86
		Release|Any CPU = Release|Any CPU
		Release|ARM = Release|ARM
		Release|x64 = Release|x64
		Release|x86 = Release|x86
	EndGlobalSection
	GlobalSection(ProjectConfigurationPlatforms) = postSolution
		{FFBD40B3-32E9-4048-955F-BCE28F795CC0}.Debug|Any CPU.ActiveCfg = Debug|Any CPU
		{FFBD40B3-32E9-4048-955F-BCE28F795CC0}.Debug|Any CPU.Build.0 = Debug|Any CPU
		{FFBD40B3-32E9-4048-955F-BCE28F795CC0}.Debug|ARM.ActiveCfg = Debug|Any CPU
		{FFBD40B3-32E9-4048-955F-BCE28F795CC0}.Debug|ARM.Build.0 = Debug|Any CPU
		{FFBD40B3-32E9-4048-955F-BCE28F795CC0}.Debug|x64.ActiveCfg = Debug|Any CPU
		{FFBD40B3-32E9-4048-955F-BCE28F795CC0}.Debug|x64.Build.0 = Debug|Any CPU
		{FFBD40B3-32E9-4048-955F-BCE28F795CC0}.Debug|x86.ActiveCfg = Debug|Any CPU
		{FFBD40B3-32E9-4048-955F-BCE28F795CC0}.Debug|x86.Build.0 = Debug|Any CPU
		{FFBD40B3-32E9-4048-955F-BCE28F795CC0}.Release|Any CPU.ActiveCfg = Release|Any CPU
		{FFBD40B3-32E9-4048-955F-BCE28F795CC0}.Release|Any CPU.Build.0 = Release|Any CPU
		{FFBD40B3-32E9-4048-955F-BCE28F795CC0}.Release|ARM.ActiveCfg = Release|Any CPU
		{FFBD40B3-32E9-4048-955F-BCE28F795CC0}.Release|ARM.Build.0 = Release|Any CPU
		{FFBD40B3-32E9-4048-955F-BCE28F795CC0}.Release|x64.ActiveCfg = Release|Any CPU
		{FFBD40B3-32E9-4048-955F-BCE28F795CC0}.Release|x64.Build.0 = Release|Any CPU
		{FFBD40B3-32E9-4048-955F-BCE28F795CC0}.Release|x86.ActiveCfg = Release|Any CPU
		{FFBD40B3-32E9-4048-955F-BCE28F795CC0}.Release|x86.Build.0 = Release|Any CPU
		{5027444E-12A4-41CE-AC9C-674880E868EC}.Debug|Any CPU.ActiveCfg = Debug|Any CPU
		{5027444E-12A4-41CE-AC9C-674880E868EC}.Debug|Any CPU.Build.0 = Debug|Any CPU
		{5027444E-12A4-41CE-AC9C-674880E868EC}.Debug|ARM.ActiveCfg = Debug|Any CPU
		{5027444E-12A4-41CE-AC9C-674880E868EC}.Debug|ARM.Build.0 = Debug|Any CPU
		{5027444E-12A4-41CE-AC9C-674880E868EC}.Debug|x64.ActiveCfg = Debug|Any CPU
		{5027444E-12A4-41CE-AC9C-674880E868EC}.Debug|x64.Build.0 = Debug|Any CPU
		{5027444E-12A4-41CE-AC9C-674880E868EC}.Debug|x86.ActiveCfg = Debug|Any CPU
		{5027444E-12A4-41CE-AC9C-674880E868EC}.Debug|x86.Build.0 = Debug|Any CPU
		{5027444E-12A4-41CE-AC9C-674880E868EC}.Release|Any CPU.ActiveCfg = Release|Any CPU
		{5027444E-12A4-41CE-AC9C-674880E868EC}.Release|Any CPU.Build.0 = Release|Any CPU
		{5027444E-12A4-41CE-AC9C-674880E868EC}.Release|ARM.ActiveCfg = Release|Any CPU
		{5027444E-12A4-41CE-AC9C-674880E868EC}.Release|ARM.Build.0 = Release|Any CPU
		{5027444E-12A4-41CE-AC9C-674880E868EC}.Release|x64.ActiveCfg = Release|Any CPU
		{5027444E-12A4-41CE-AC9C-674880E868EC}.Release|x64.Build.0 = Release|Any CPU
		{5027444E-12A4-41CE-AC9C-674880E868EC}.Release|x86.ActiveCfg = Release|Any CPU
		{5027444E-12A4-41CE-AC9C-674880E868EC}.Release|x86.Build.0 = Release|Any CPU
		{AF4A90F8-0363-4884-BBE3-3C60F04424AF}.Debug|Any CPU.ActiveCfg = Debug|Any CPU
		{AF4A90F8-0363-4884-BBE3-3C60F04424AF}.Debug|Any CPU.Build.0 = Debug|Any CPU
		{AF4A90F8-0363-4884-BBE3-3C60F04424AF}.Debug|ARM.ActiveCfg = Debug|Any CPU
		{AF4A90F8-0363-4884-BBE3-3C60F04424AF}.Debug|ARM.Build.0 = Debug|Any CPU
		{AF4A90F8-0363-4884-BBE3-3C60F04424AF}.Debug|x64.ActiveCfg = Debug|Any CPU
		{AF4A90F8-0363-4884-BBE3-3C60F04424AF}.Debug|x64.Build.0 = Debug|Any CPU
		{AF4A90F8-0363-4884-BBE3-3C60F04424AF}.Debug|x86.ActiveCfg = Debug|Any CPU
		{AF4A90F8-0363-4884-BBE3-3C60F04424AF}.Debug|x86.Build.0 = Debug|Any CPU
		{AF4A90F8-0363-4884-BBE3-3C60F04424AF}.Release|Any CPU.ActiveCfg = Release|Any CPU
		{AF4A90F8-0363-4884-BBE3-3C60F04424AF}.Release|Any CPU.Build.0 = Release|Any CPU
		{AF4A90F8-0363-4884-BBE3-3C60F04424AF}.Release|ARM.ActiveCfg = Release|Any CPU
		{AF4A90F8-0363-4884-BBE3-3C60F04424AF}.Release|ARM.Build.0 = Release|Any CPU
		{AF4A90F8-0363-4884-BBE3-3C60F04424AF}.Release|x64.ActiveCfg = Release|Any CPU
		{AF4A90F8-0363-4884-BBE3-3C60F04424AF}.Release|x64.Build.0 = Release|Any CPU
		{AF4A90F8-0363-4884-BBE3-3C60F04424AF}.Release|x86.ActiveCfg = Release|Any CPU
		{AF4A90F8-0363-4884-BBE3-3C60F04424AF}.Release|x86.Build.0 = Release|Any CPU
		{D4E62E01-1E39-4439-B760-3373EBED2C34}.Debug|Any CPU.ActiveCfg = Debug|Any CPU
		{D4E62E01-1E39-4439-B760-3373EBED2C34}.Debug|Any CPU.Build.0 = Debug|Any CPU
		{D4E62E01-1E39-4439-B760-3373EBED2C34}.Debug|ARM.ActiveCfg = Debug|Any CPU
		{D4E62E01-1E39-4439-B760-3373EBED2C34}.Debug|ARM.Build.0 = Debug|Any CPU
		{D4E62E01-1E39-4439-B760-3373EBED2C34}.Debug|x64.ActiveCfg = Debug|Any CPU
		{D4E62E01-1E39-4439-B760-3373EBED2C34}.Debug|x64.Build.0 = Debug|Any CPU
		{D4E62E01-1E39-4439-B760-3373EBED2C34}.Debug|x86.ActiveCfg = Debug|Any CPU
		{D4E62E01-1E39-4439-B760-3373EBED2C34}.Debug|x86.Build.0 = Debug|Any CPU
		{D4E62E01-1E39-4439-B760-3373EBED2C34}.Release|Any CPU.ActiveCfg = Release|Any CPU
		{D4E62E01-1E39-4439-B760-3373EBED2C34}.Release|Any CPU.Build.0 = Release|Any CPU
		{D4E62E01-1E39-4439-B760-3373EBED2C34}.Release|ARM.ActiveCfg = Release|Any CPU
		{D4E62E01-1E39-4439-B760-3373EBED2C34}.Release|ARM.Build.0 = Release|Any CPU
		{D4E62E01-1E39-4439-B760-3373EBED2C34}.Release|x64.ActiveCfg = Release|Any CPU
		{D4E62E01-1E39-4439-B760-3373EBED2C34}.Release|x64.Build.0 = Release|Any CPU
		{D4E62E01-1E39-4439-B760-3373EBED2C34}.Release|x86.ActiveCfg = Release|Any CPU
		{D4E62E01-1E39-4439-B760-3373EBED2C34}.Release|x86.Build.0 = Release|Any CPU
		{CBCF9952-D6B1-4103-8879-314A9BB54EC6}.Debug|Any CPU.ActiveCfg = Debug|Any CPU
		{CBCF9952-D6B1-4103-8879-314A9BB54EC6}.Debug|Any CPU.Build.0 = Debug|Any CPU
		{CBCF9952-D6B1-4103-8879-314A9BB54EC6}.Debug|ARM.ActiveCfg = Debug|Any CPU
		{CBCF9952-D6B1-4103-8879-314A9BB54EC6}.Debug|ARM.Build.0 = Debug|Any CPU
		{CBCF9952-D6B1-4103-8879-314A9BB54EC6}.Debug|x64.ActiveCfg = Debug|Any CPU
		{CBCF9952-D6B1-4103-8879-314A9BB54EC6}.Debug|x64.Build.0 = Debug|Any CPU
		{CBCF9952-D6B1-4103-8879-314A9BB54EC6}.Debug|x86.ActiveCfg = Debug|Any CPU
		{CBCF9952-D6B1-4103-8879-314A9BB54EC6}.Debug|x86.Build.0 = Debug|Any CPU
		{CBCF9952-D6B1-4103-8879-314A9BB54EC6}.Release|Any CPU.ActiveCfg = Release|Any CPU
		{CBCF9952-D6B1-4103-8879-314A9BB54EC6}.Release|Any CPU.Build.0 = Release|Any CPU
		{CBCF9952-D6B1-4103-8879-314A9BB54EC6}.Release|ARM.ActiveCfg = Release|Any CPU
		{CBCF9952-D6B1-4103-8879-314A9BB54EC6}.Release|ARM.Build.0 = Release|Any CPU
		{CBCF9952-D6B1-4103-8879-314A9BB54EC6}.Release|x64.ActiveCfg = Release|Any CPU
		{CBCF9952-D6B1-4103-8879-314A9BB54EC6}.Release|x64.Build.0 = Release|Any CPU
		{CBCF9952-D6B1-4103-8879-314A9BB54EC6}.Release|x86.ActiveCfg = Release|Any CPU
		{CBCF9952-D6B1-4103-8879-314A9BB54EC6}.Release|x86.Build.0 = Release|Any CPU
	EndGlobalSection
	GlobalSection(SolutionProperties) = preSolution
		HideSolutionNode = FALSE
	EndGlobalSection
EndGlobal
